// !$*UTF8*$!
{
	archiveVersion = 1;
	classes = {
	};
	objectVersion = 56;
	objects = {

/* Begin PBXBuildFile section */
		360DD98929D5A4FB006A9EC8 /* PromtMessage.swift in Sources */ = {isa = PBXBuildFile; fileRef = 360DD98829D5A4FB006A9EC8 /* PromtMessage.swift */; };
		360DD98B29D5A52C006A9EC8 /* SupportedCommand.swift in Sources */ = {isa = PBXBuildFile; fileRef = 360DD98A29D5A52C006A9EC8 /* SupportedCommand.swift */; };
		364E167529CC477F00545E8D /* ConsoleIOWrapper.swift in Sources */ = {isa = PBXBuildFile; fileRef = 364E167429CC477F00545E8D /* ConsoleIOWrapper.swift */; };
		364E167729CC47D200545E8D /* UserConsole.swift in Sources */ = {isa = PBXBuildFile; fileRef = 364E167629CC47D200545E8D /* UserConsole.swift */; };
		364E167929CC482700545E8D /* TextPrefix.swift in Sources */ = {isa = PBXBuildFile; fileRef = 364E167829CC482700545E8D /* TextPrefix.swift */; };
		3670A56029DC97E500869720 /* ShoppingListProtocol.swift in Sources */ = {isa = PBXBuildFile; fileRef = 3670A55F29DC97E500869720 /* ShoppingListProtocol.swift */; };
		3670A56229DC986500869720 /* InMemoryShoppingList.swift in Sources */ = {isa = PBXBuildFile; fileRef = 3670A56129DC986500869720 /* InMemoryShoppingList.swift */; };
		36BF64B629C25ECA00B72826 /* main.swift in Sources */ = {isa = PBXBuildFile; fileRef = 36BF64B529C25ECA00B72826 /* main.swift */; };
/* End PBXBuildFile section */

/* Begin PBXCopyFilesBuildPhase section */
		36BF64B029C25EC900B72826 /* CopyFiles */ = {
			isa = PBXCopyFilesBuildPhase;
			buildActionMask = 2147483647;
			dstPath = /usr/share/man/man1/;
			dstSubfolderSpec = 0;
			files = (
			);
			runOnlyForDeploymentPostprocessing = 1;
		};
/* End PBXCopyFilesBuildPhase section */

/* Begin PBXFileReference section */
		360DD98829D5A4FB006A9EC8 /* PromtMessage.swift */ = {isa = PBXFileReference; lastKnownFileType = sourcecode.swift; path = PromtMessage.swift; sourceTree = "<group>"; };
		360DD98A29D5A52C006A9EC8 /* SupportedCommand.swift */ = {isa = PBXFileReference; lastKnownFileType = sourcecode.swift; path = SupportedCommand.swift; sourceTree = "<group>"; };
		364E167429CC477F00545E8D /* ConsoleIOWrapper.swift */ = {isa = PBXFileReference; lastKnownFileType = sourcecode.swift; path = ConsoleIOWrapper.swift; sourceTree = "<group>"; };
		364E167629CC47D200545E8D /* UserConsole.swift */ = {isa = PBXFileReference; lastKnownFileType = sourcecode.swift; path = UserConsole.swift; sourceTree = "<group>"; };
		364E167829CC482700545E8D /* TextPrefix.swift */ = {isa = PBXFileReference; lastKnownFileType = sourcecode.swift; path = TextPrefix.swift; sourceTree = "<group>"; };
		3670A55F29DC97E500869720 /* ShoppingListProtocol.swift */ = {isa = PBXFileReference; lastKnownFileType = sourcecode.swift; path = ShoppingListProtocol.swift; sourceTree = "<group>"; };
		3670A56129DC986500869720 /* InMemoryShoppingList.swift */ = {isa = PBXFileReference; lastKnownFileType = sourcecode.swift; path = InMemoryShoppingList.swift; sourceTree = "<group>"; };
		36BF64B229C25ECA00B72826 /* CLIShoppingListApplication */ = {isa = PBXFileReference; explicitFileType = "compiled.mach-o.executable"; includeInIndex = 0; path = CLIShoppingListApplication; sourceTree = BUILT_PRODUCTS_DIR; };
		36BF64B529C25ECA00B72826 /* main.swift */ = {isa = PBXFileReference; lastKnownFileType = sourcecode.swift; path = main.swift; sourceTree = "<group>"; };
/* End PBXFileReference section */

/* Begin PBXFrameworksBuildPhase section */
		36BF64AF29C25EC900B72826 /* Frameworks */ = {
			isa = PBXFrameworksBuildPhase;
			buildActionMask = 2147483647;
			files = (
			);
			runOnlyForDeploymentPostprocessing = 0;
		};
/* End PBXFrameworksBuildPhase section */

/* Begin PBXGroup section */
		364E167A29CC496C00545E8D /* View */ = {
			isa = PBXGroup;
			children = (
				364E167429CC477F00545E8D /* ConsoleIOWrapper.swift */,
				364E167629CC47D200545E8D /* UserConsole.swift */,
			);
			path = View;
			sourceTree = "<group>";
		};
		3670A55E29DC979200869720 /* Model */ = {
			isa = PBXGroup;
			children = (
				3670A55F29DC97E500869720 /* ShoppingListProtocol.swift */,
				3670A56129DC986500869720 /* InMemoryShoppingList.swift */,
			);
			path = Model;
			sourceTree = "<group>";
		};
		36BF64A929C25EC900B72826 = {
			isa = PBXGroup;
			children = (
				36BF64B429C25ECA00B72826 /* CLIShoppingListApplication */,
				36BF64B329C25ECA00B72826 /* Products */,
			);
			sourceTree = "<group>";
		};
		36BF64B329C25ECA00B72826 /* Products */ = {
			isa = PBXGroup;
			children = (
				36BF64B229C25ECA00B72826 /* CLIShoppingListApplication */,
			);
			name = Products;
			sourceTree = "<group>";
		};
		36BF64B429C25ECA00B72826 /* CLIShoppingListApplication */ = {
			isa = PBXGroup;
			children = (
				36BF64B529C25ECA00B72826 /* main.swift */,
				364E167A29CC496C00545E8D /* View */,
				3670A55E29DC979200869720 /* Model */,
				364E167829CC482700545E8D /* TextPrefix.swift */,
				360DD98829D5A4FB006A9EC8 /* PromtMessage.swift */,
				360DD98A29D5A52C006A9EC8 /* SupportedCommand.swift */,
			);
			path = CLIShoppingListApplication;
			sourceTree = "<group>";
		};
/* End PBXGroup section */

/* Begin PBXNativeTarget section */
		36BF64B129C25EC900B72826 /* CLIShoppingListApplication */ = {
			isa = PBXNativeTarget;
			buildConfigurationList = 36BF64B929C25ECA00B72826 /* Build configuration list for PBXNativeTarget "CLIShoppingListApplication" */;
			buildPhases = (
				36BF64AE29C25EC900B72826 /* Sources */,
				36BF64AF29C25EC900B72826 /* Frameworks */,
				36BF64B029C25EC900B72826 /* CopyFiles */,
				36BF64BC29C2655600B72826 /* SwiftFormat */,
				36BF64BD29C265A800B72826 /* SwiftLint */,
			);
			buildRules = (
			);
			dependencies = (
			);
			name = CLIShoppingListApplication;
			productName = CLIShoppingListApplication;
			productReference = 36BF64B229C25ECA00B72826 /* CLIShoppingListApplication */;
			productType = "com.apple.product-type.tool";
		};
/* End PBXNativeTarget section */

/* Begin PBXProject section */
		36BF64AA29C25EC900B72826 /* Project object */ = {
			isa = PBXProject;
			attributes = {
				BuildIndependentTargetsInParallel = 1;
				LastSwiftUpdateCheck = 1410;
				LastUpgradeCheck = 1410;
				TargetAttributes = {
					36BF64B129C25EC900B72826 = {
						CreatedOnToolsVersion = 14.1;
					};
				};
			};
			buildConfigurationList = 36BF64AD29C25EC900B72826 /* Build configuration list for PBXProject "CLIShoppingListApplication" */;
			compatibilityVersion = "Xcode 14.0";
			developmentRegion = en;
			hasScannedForEncodings = 0;
			knownRegions = (
				en,
				Base,
			);
			mainGroup = 36BF64A929C25EC900B72826;
			productRefGroup = 36BF64B329C25ECA00B72826 /* Products */;
			projectDirPath = "";
			projectRoot = "";
			targets = (
				36BF64B129C25EC900B72826 /* CLIShoppingListApplication */,
			);
		};
/* End PBXProject section */

/* Begin PBXShellScriptBuildPhase section */
		36BF64BC29C2655600B72826 /* SwiftFormat */ = {
			isa = PBXShellScriptBuildPhase;
			alwaysOutOfDate = 1;
			buildActionMask = 2147483647;
			files = (
			);
			inputFileListPaths = (
			);
			inputPaths = (
			);
			name = SwiftFormat;
			outputFileListPaths = (
			);
			outputPaths = (
			);
			runOnlyForDeploymentPostprocessing = 0;
			shellPath = /bin/sh;
			shellScript = "export PATH=\"$PATH:/opt/homebrew/bin\"\nif which swiftformat >/dev/null; then\n  swiftformat .\nelse\n  echo \"warning: SwiftFormat not installed, download from https://github.com/nicklockwood/SwiftFormat\"\nfi\n";
		};
		36BF64BD29C265A800B72826 /* SwiftLint */ = {
			isa = PBXShellScriptBuildPhase;
			alwaysOutOfDate = 1;
			buildActionMask = 12;
			files = (
			);
			inputFileListPaths = (
			);
			inputPaths = (
			);
			name = SwiftLint;
			outputFileListPaths = (
			);
			outputPaths = (
			);
			runOnlyForDeploymentPostprocessing = 0;
			shellPath = /bin/sh;
			shellScript = "export PATH=\"$PATH:/opt/homebrew/bin\"\nif which swiftlint > /dev/null; then\n  swiftlint --config \"../../.swiftlint.yml\"\nelse\n  echo \"warning: SwiftLint not installed, download from https://github.com/realm/SwiftLint\"\nfi\n";
		};
/* End PBXShellScriptBuildPhase section */

/* Begin PBXSourcesBuildPhase section */
		36BF64AE29C25EC900B72826 /* Sources */ = {
			isa = PBXSourcesBuildPhase;
			buildActionMask = 2147483647;
			files = (
				360DD98B29D5A52C006A9EC8 /* SupportedCommand.swift in Sources */,
				3670A56229DC986500869720 /* InMemoryShoppingList.swift in Sources */,
				364E167729CC47D200545E8D /* UserConsole.swift in Sources */,
				36BF64B629C25ECA00B72826 /* main.swift in Sources */,
				360DD98929D5A4FB006A9EC8 /* PromtMessage.swift in Sources */,
				364E167929CC482700545E8D /* TextPrefix.swift in Sources */,
				364E167529CC477F00545E8D /* ConsoleIOWrapper.swift in Sources */,
				3670A56029DC97E500869720 /* ShoppingListProtocol.swift in Sources */,
			);
			runOnlyForDeploymentPostprocessing = 0;
		};
/* End PBXSourcesBuildPhase section */

/* Begin XCBuildConfiguration section */
		36BF64B729C25ECA00B72826 /* Debug */ = {
			isa = XCBuildConfiguration;
			buildSettings = {
				ALWAYS_SEARCH_USER_PATHS = NO;
				CLANG_ANALYZER_NONNULL = YES;
				CLANG_ANALYZER_NUMBER_OBJECT_CONVERSION = YES_AGGRESSIVE;
				CLANG_CXX_LANGUAGE_STANDARD = "gnu++20";
				CLANG_ENABLE_MODULES = YES;
				CLANG_ENABLE_OBJC_ARC = YES;
				CLANG_ENABLE_OBJC_WEAK = YES;
				CLANG_WARN_BLOCK_CAPTURE_AUTORELEASING = YES;
				CLANG_WARN_BOOL_CONVERSION = YES;
				CLANG_WARN_COMMA = YES;
				CLANG_WARN_CONSTANT_CONVERSION = YES;
				CLANG_WARN_DEPRECATED_OBJC_IMPLEMENTATIONS = YES;
				CLANG_WARN_DIRECT_OBJC_ISA_USAGE = YES_ERROR;
				CLANG_WARN_DOCUMENTATION_COMMENTS = YES;
				CLANG_WARN_EMPTY_BODY = YES;
				CLANG_WARN_ENUM_CONVERSION = YES;
				CLANG_WARN_INFINITE_RECURSION = YES;
				CLANG_WARN_INT_CONVERSION = YES;
				CLANG_WARN_NON_LITERAL_NULL_CONVERSION = YES;
				CLANG_WARN_OBJC_IMPLICIT_RETAIN_SELF = YES;
				CLANG_WARN_OBJC_LITERAL_CONVERSION = YES;
				CLANG_WARN_OBJC_ROOT_CLASS = YES_ERROR;
				CLANG_WARN_QUOTED_INCLUDE_IN_FRAMEWORK_HEADER = YES;
				CLANG_WARN_RANGE_LOOP_ANALYSIS = YES;
				CLANG_WARN_STRICT_PROTOTYPES = YES;
				CLANG_WARN_SUSPICIOUS_MOVE = YES;
				CLANG_WARN_UNGUARDED_AVAILABILITY = YES_AGGRESSIVE;
				CLANG_WARN_UNREACHABLE_CODE = YES;
				CLANG_WARN__DUPLICATE_METHOD_MATCH = YES;
				COPY_PHASE_STRIP = NO;
				CURRENT_PROJECT_VERSION = 0.1.0;
				DEBUG_INFORMATION_FORMAT = dwarf;
				ENABLE_STRICT_OBJC_MSGSEND = YES;
				ENABLE_TESTABILITY = YES;
				GCC_C_LANGUAGE_STANDARD = gnu11;
				GCC_DYNAMIC_NO_PIC = NO;
				GCC_NO_COMMON_BLOCKS = YES;
				GCC_OPTIMIZATION_LEVEL = 0;
				GCC_PREPROCESSOR_DEFINITIONS = (
					"DEBUG=1",
					"$(inherited)",
				);
				GCC_WARN_64_TO_32_BIT_CONVERSION = YES;
				GCC_WARN_ABOUT_RETURN_TYPE = YES_ERROR;
				GCC_WARN_UNDECLARED_SELECTOR = YES;
				GCC_WARN_UNINITIALIZED_AUTOS = YES_AGGRESSIVE;
				GCC_WARN_UNUSED_FUNCTION = YES;
				GCC_WARN_UNUSED_VARIABLE = YES;
				MACOSX_DEPLOYMENT_TARGET = 13.0;
				MTL_ENABLE_DEBUG_INFO = INCLUDE_SOURCE;
				MTL_FAST_MATH = YES;
				ONLY_ACTIVE_ARCH = YES;
				SDKROOT = macosx;
				SWIFT_ACTIVE_COMPILATION_CONDITIONS = DEBUG;
				SWIFT_OPTIMIZATION_LEVEL = "-Onone";
			};
			name = Debug;
		};
		36BF64B829C25ECA00B72826 /* Release */ = {
			isa = XCBuildConfiguration;
			buildSettings = {
				ALWAYS_SEARCH_USER_PATHS = NO;
				CLANG_ANALYZER_NONNULL = YES;
				CLANG_ANALYZER_NUMBER_OBJECT_CONVERSION = YES_AGGRESSIVE;
				CLANG_CXX_LANGUAGE_STANDARD = "gnu++20";
				CLANG_ENABLE_MODULES = YES;
				CLANG_ENABLE_OBJC_ARC = YES;
				CLANG_ENABLE_OBJC_WEAK = YES;
				CLANG_WARN_BLOCK_CAPTURE_AUTORELEASING = YES;
				CLANG_WARN_BOOL_CONVERSION = YES;
				CLANG_WARN_COMMA = YES;
				CLANG_WARN_CONSTANT_CONVERSION = YES;
				CLANG_WARN_DEPRECATED_OBJC_IMPLEMENTATIONS = YES;
				CLANG_WARN_DIRECT_OBJC_ISA_USAGE = YES_ERROR;
				CLANG_WARN_DOCUMENTATION_COMMENTS = YES;
				CLANG_WARN_EMPTY_BODY = YES;
				CLANG_WARN_ENUM_CONVERSION = YES;
				CLANG_WARN_INFINITE_RECURSION = YES;
				CLANG_WARN_INT_CONVERSION = YES;
				CLANG_WARN_NON_LITERAL_NULL_CONVERSION = YES;
				CLANG_WARN_OBJC_IMPLICIT_RETAIN_SELF = YES;
				CLANG_WARN_OBJC_LITERAL_CONVERSION = YES;
				CLANG_WARN_OBJC_ROOT_CLASS = YES_ERROR;
				CLANG_WARN_QUOTED_INCLUDE_IN_FRAMEWORK_HEADER = YES;
				CLANG_WARN_RANGE_LOOP_ANALYSIS = YES;
				CLANG_WARN_STRICT_PROTOTYPES = YES;
				CLANG_WARN_SUSPICIOUS_MOVE = YES;
				CLANG_WARN_UNGUARDED_AVAILABILITY = YES_AGGRESSIVE;
				CLANG_WARN_UNREACHABLE_CODE = YES;
				CLANG_WARN__DUPLICATE_METHOD_MATCH = YES;
				COPY_PHASE_STRIP = NO;
				CURRENT_PROJECT_VERSION = 0.1.0;
				DEBUG_INFORMATION_FORMAT = "dwarf-with-dsym";
				ENABLE_NS_ASSERTIONS = NO;
				ENABLE_STRICT_OBJC_MSGSEND = YES;
				GCC_C_LANGUAGE_STANDARD = gnu11;
				GCC_NO_COMMON_BLOCKS = YES;
				GCC_WARN_64_TO_32_BIT_CONVERSION = YES;
				GCC_WARN_ABOUT_RETURN_TYPE = YES_ERROR;
				GCC_WARN_UNDECLARED_SELECTOR = YES;
				GCC_WARN_UNINITIALIZED_AUTOS = YES_AGGRESSIVE;
				GCC_WARN_UNUSED_FUNCTION = YES;
				GCC_WARN_UNUSED_VARIABLE = YES;
				MACOSX_DEPLOYMENT_TARGET = 13.0;
				MTL_ENABLE_DEBUG_INFO = NO;
				MTL_FAST_MATH = YES;
				SDKROOT = macosx;
				SWIFT_COMPILATION_MODE = wholemodule;
				SWIFT_OPTIMIZATION_LEVEL = "-O";
			};
			name = Release;
		};
		36BF64BA29C25ECA00B72826 /* Debug */ = {
			isa = XCBuildConfiguration;
			buildSettings = {
				CODE_SIGN_STYLE = Automatic;
				PRODUCT_NAME = "$(TARGET_NAME)";
				SWIFT_VERSION = 5.0;
			};
			name = Debug;
		};
		36BF64BB29C25ECA00B72826 /* Release */ = {
			isa = XCBuildConfiguration;
			buildSettings = {
				CODE_SIGN_STYLE = Automatic;
				PRODUCT_NAME = "$(TARGET_NAME)";
				SWIFT_VERSION = 5.0;
			};
			name = Release;
		};
/* End XCBuildConfiguration section */

/* Begin XCConfigurationList section */
		36BF64AD29C25EC900B72826 /* Build configuration list for PBXProject "CLIShoppingListApplication" */ = {
			isa = XCConfigurationList;
			buildConfigurations = (
				36BF64B729C25ECA00B72826 /* Debug */,
				36BF64B829C25ECA00B72826 /* Release */,
			);
			defaultConfigurationIsVisible = 0;
			defaultConfigurationName = Release;
		};
		36BF64B929C25ECA00B72826 /* Build configuration list for PBXNativeTarget "CLIShoppingListApplication" */ = {
			isa = XCConfigurationList;
			buildConfigurations = (
				36BF64BA29C25ECA00B72826 /* Debug */,
				36BF64BB29C25ECA00B72826 /* Release */,
			);
			defaultConfigurationIsVisible = 0;
			defaultConfigurationName = Release;
		};
/* End XCConfigurationList section */
	};
	rootObject = 36BF64AA29C25EC900B72826 /* Project object */;
}
